// !$*UTF8*$!
{
	archiveVersion = 1;
	classes = {
	};
	objectVersion = 51;
	objects = {

/* Begin PBXBuildFile section */
		6178437025D51DB500D2A7B9 /* AppDelegate.swift in Sources */ = {isa = PBXBuildFile; fileRef = 6178436F25D51DB500D2A7B9 /* AppDelegate.swift */; };
		6178437225D51DB500D2A7B9 /* SceneDelegate.swift in Sources */ = {isa = PBXBuildFile; fileRef = 6178437125D51DB500D2A7B9 /* SceneDelegate.swift */; };
		6178437425D51DB500D2A7B9 /* ViewController.swift in Sources */ = {isa = PBXBuildFile; fileRef = 6178437325D51DB500D2A7B9 /* ViewController.swift */; };
		6178437725D51DB500D2A7B9 /* Main.storyboard in Resources */ = {isa = PBXBuildFile; fileRef = 6178437525D51DB500D2A7B9 /* Main.storyboard */; };
		6178437A25D51DB500D2A7B9 /* FlowerClassification.xcdatamodeld in Sources */ = {isa = PBXBuildFile; fileRef = 6178437825D51DB500D2A7B9 /* FlowerClassification.xcdatamodeld */; };
		6178437C25D51DB800D2A7B9 /* Assets.xcassets in Resources */ = {isa = PBXBuildFile; fileRef = 6178437B25D51DB800D2A7B9 /* Assets.xcassets */; };
		6178437F25D51DB800D2A7B9 /* LaunchScreen.storyboard in Resources */ = {isa = PBXBuildFile; fileRef = 6178437D25D51DB800D2A7B9 /* LaunchScreen.storyboard */; };
		6178438A25D51DB800D2A7B9 /* FlowerClassificationTests.swift in Sources */ = {isa = PBXBuildFile; fileRef = 6178438925D51DB800D2A7B9 /* FlowerClassificationTests.swift */; };
		6178439525D51DB800D2A7B9 /* FlowerClassificationUITests.swift in Sources */ = {isa = PBXBuildFile; fileRef = 6178439425D51DB800D2A7B9 /* FlowerClassificationUITests.swift */; };
		617843A625D51DD300D2A7B9 /* FlowerClassifier.mlmodel in Sources */ = {isa = PBXBuildFile; fileRef = 617843A525D51DD300D2A7B9 /* FlowerClassifier.mlmodel */; };
		AA2DF66EF8DAA90F3EB3A599 /* Pods_FlowerClassification.framework in Frameworks */ = {isa = PBXBuildFile; fileRef = 82F11645629AD026FCF49AE9 /* Pods_FlowerClassification.framework */; };
		C53417B34A7B772FBA41E50E /* Pods_FlowerClassificationTests.framework in Frameworks */ = {isa = PBXBuildFile; fileRef = 3D27F707F9AD72590E87E291 /* Pods_FlowerClassificationTests.framework */; };
		DC82A2C47BBEF4F6571CBF99 /* Pods_FlowerClassification_FlowerClassificationUITests.framework in Frameworks */ = {isa = PBXBuildFile; fileRef = 26643A2035F28AA6FF431841 /* Pods_FlowerClassification_FlowerClassificationUITests.framework */; };
/* End PBXBuildFile section */

/* Begin PBXContainerItemProxy section */
		6178438625D51DB800D2A7B9 /* PBXContainerItemProxy */ = {
			isa = PBXContainerItemProxy;
			containerPortal = 6178436425D51DB500D2A7B9 /* Project object */;
			proxyType = 1;
			remoteGlobalIDString = 6178436B25D51DB500D2A7B9;
			remoteInfo = FlowerClassification;
		};
		6178439125D51DB800D2A7B9 /* PBXContainerItemProxy */ = {
			isa = PBXContainerItemProxy;
			containerPortal = 6178436425D51DB500D2A7B9 /* Project object */;
			proxyType = 1;
			remoteGlobalIDString = 6178436B25D51DB500D2A7B9;
			remoteInfo = FlowerClassification;
		};
/* End PBXContainerItemProxy section */

/* Begin PBXFileReference section */
		16E07D378B3C9D8DFBB66DAB /* Pods-FlowerClassification.release.xcconfig */ = {isa = PBXFileReference; includeInIndex = 1; lastKnownFileType = text.xcconfig; name = "Pods-FlowerClassification.release.xcconfig"; path = "Target Support Files/Pods-FlowerClassification/Pods-FlowerClassification.release.xcconfig"; sourceTree = "<group>"; };
		26643A2035F28AA6FF431841 /* Pods_FlowerClassification_FlowerClassificationUITests.framework */ = {isa = PBXFileReference; explicitFileType = wrapper.framework; includeInIndex = 0; path = Pods_FlowerClassification_FlowerClassificationUITests.framework; sourceTree = BUILT_PRODUCTS_DIR; };
		299022EAE75535162B75A104 /* Pods-FlowerClassificationTests.debug.xcconfig */ = {isa = PBXFileReference; includeInIndex = 1; lastKnownFileType = text.xcconfig; name = "Pods-FlowerClassificationTests.debug.xcconfig"; path = "Target Support Files/Pods-FlowerClassificationTests/Pods-FlowerClassificationTests.debug.xcconfig"; sourceTree = "<group>"; };
		3D27F707F9AD72590E87E291 /* Pods_FlowerClassificationTests.framework */ = {isa = PBXFileReference; explicitFileType = wrapper.framework; includeInIndex = 0; path = Pods_FlowerClassificationTests.framework; sourceTree = BUILT_PRODUCTS_DIR; };
		48F7D86FED331FB1C78B7D22 /* Pods-FlowerClassification-FlowerClassificationUITests.debug.xcconfig */ = {isa = PBXFileReference; includeInIndex = 1; lastKnownFileType = text.xcconfig; name = "Pods-FlowerClassification-FlowerClassificationUITests.debug.xcconfig"; path = "Target Support Files/Pods-FlowerClassification-FlowerClassificationUITests/Pods-FlowerClassification-FlowerClassificationUITests.debug.xcconfig"; sourceTree = "<group>"; };
		6178436C25D51DB500D2A7B9 /* FlowerClassification.app */ = {isa = PBXFileReference; explicitFileType = wrapper.application; includeInIndex = 0; path = FlowerClassification.app; sourceTree = BUILT_PRODUCTS_DIR; };
		6178436F25D51DB500D2A7B9 /* AppDelegate.swift */ = {isa = PBXFileReference; lastKnownFileType = sourcecode.swift; path = AppDelegate.swift; sourceTree = "<group>"; };
		6178437125D51DB500D2A7B9 /* SceneDelegate.swift */ = {isa = PBXFileReference; lastKnownFileType = sourcecode.swift; path = SceneDelegate.swift; sourceTree = "<group>"; };
		6178437325D51DB500D2A7B9 /* ViewController.swift */ = {isa = PBXFileReference; lastKnownFileType = sourcecode.swift; path = ViewController.swift; sourceTree = "<group>"; };
		6178437625D51DB500D2A7B9 /* Base */ = {isa = PBXFileReference; lastKnownFileType = file.storyboard; name = Base; path = Base.lproj/Main.storyboard; sourceTree = "<group>"; };
		6178437925D51DB500D2A7B9 /* FlowerClassification.xcdatamodel */ = {isa = PBXFileReference; lastKnownFileType = wrapper.xcdatamodel; path = FlowerClassification.xcdatamodel; sourceTree = "<group>"; };
		6178437B25D51DB800D2A7B9 /* Assets.xcassets */ = {isa = PBXFileReference; lastKnownFileType = folder.assetcatalog; path = Assets.xcassets; sourceTree = "<group>"; };
		6178437E25D51DB800D2A7B9 /* Base */ = {isa = PBXFileReference; lastKnownFileType = file.storyboard; name = Base; path = Base.lproj/LaunchScreen.storyboard; sourceTree = "<group>"; };
		6178438025D51DB800D2A7B9 /* Info.plist */ = {isa = PBXFileReference; lastKnownFileType = text.plist.xml; path = Info.plist; sourceTree = "<group>"; };
		6178438525D51DB800D2A7B9 /* FlowerClassificationTests.xctest */ = {isa = PBXFileReference; explicitFileType = wrapper.cfbundle; includeInIndex = 0; path = FlowerClassificationTests.xctest; sourceTree = BUILT_PRODUCTS_DIR; };
		6178438925D51DB800D2A7B9 /* FlowerClassificationTests.swift */ = {isa = PBXFileReference; lastKnownFileType = sourcecode.swift; path = FlowerClassificationTests.swift; sourceTree = "<group>"; };
		6178438B25D51DB800D2A7B9 /* Info.plist */ = {isa = PBXFileReference; lastKnownFileType = text.plist.xml; path = Info.plist; sourceTree = "<group>"; };
		6178439025D51DB800D2A7B9 /* FlowerClassificationUITests.xctest */ = {isa = PBXFileReference; explicitFileType = wrapper.cfbundle; includeInIndex = 0; path = FlowerClassificationUITests.xctest; sourceTree = BUILT_PRODUCTS_DIR; };
		6178439425D51DB800D2A7B9 /* FlowerClassificationUITests.swift */ = {isa = PBXFileReference; lastKnownFileType = sourcecode.swift; path = FlowerClassificationUITests.swift; sourceTree = "<group>"; };
		6178439625D51DB800D2A7B9 /* Info.plist */ = {isa = PBXFileReference; lastKnownFileType = text.plist.xml; path = Info.plist; sourceTree = "<group>"; };
		617843A525D51DD300D2A7B9 /* FlowerClassifier.mlmodel */ = {isa = PBXFileReference; lastKnownFileType = file.mlmodel; path = FlowerClassifier.mlmodel; sourceTree = "<group>"; };
		66EC7F9D3AA3CE3542997345 /* Pods-FlowerClassification-FlowerClassificationUITests.release.xcconfig */ = {isa = PBXFileReference; includeInIndex = 1; lastKnownFileType = text.xcconfig; name = "Pods-FlowerClassification-FlowerClassificationUITests.release.xcconfig"; path = "Target Support Files/Pods-FlowerClassification-FlowerClassificationUITests/Pods-FlowerClassification-FlowerClassificationUITests.release.xcconfig"; sourceTree = "<group>"; };
		82F11645629AD026FCF49AE9 /* Pods_FlowerClassification.framework */ = {isa = PBXFileReference; explicitFileType = wrapper.framework; includeInIndex = 0; path = Pods_FlowerClassification.framework; sourceTree = BUILT_PRODUCTS_DIR; };
		C4C5CBEA8CE5D184DE0D9EC7 /* Pods-FlowerClassificationTests.release.xcconfig */ = {isa = PBXFileReference; includeInIndex = 1; lastKnownFileType = text.xcconfig; name = "Pods-FlowerClassificationTests.release.xcconfig"; path = "Target Support Files/Pods-FlowerClassificationTests/Pods-FlowerClassificationTests.release.xcconfig"; sourceTree = "<group>"; };
		F60041E75CBDBEB32CF17239 /* Pods-FlowerClassification.debug.xcconfig */ = {isa = PBXFileReference; includeInIndex = 1; lastKnownFileType = text.xcconfig; name = "Pods-FlowerClassification.debug.xcconfig"; path = "Target Support Files/Pods-FlowerClassification/Pods-FlowerClassification.debug.xcconfig"; sourceTree = "<group>"; };
/* End PBXFileReference section */

/* Begin PBXFrameworksBuildPhase section */
		6178436925D51DB500D2A7B9 /* Frameworks */ = {
			isa = PBXFrameworksBuildPhase;
			buildActionMask = 2147483647;
			files = (
				AA2DF66EF8DAA90F3EB3A599 /* Pods_FlowerClassification.framework in Frameworks */,
			);
			runOnlyForDeploymentPostprocessing = 0;
		};
		6178438225D51DB800D2A7B9 /* Frameworks */ = {
			isa = PBXFrameworksBuildPhase;
			buildActionMask = 2147483647;
			files = (
				C53417B34A7B772FBA41E50E /* Pods_FlowerClassificationTests.framework in Frameworks */,
			);
			runOnlyForDeploymentPostprocessing = 0;
		};
		6178438D25D51DB800D2A7B9 /* Frameworks */ = {
			isa = PBXFrameworksBuildPhase;
			buildActionMask = 2147483647;
			files = (
				DC82A2C47BBEF4F6571CBF99 /* Pods_FlowerClassification_FlowerClassificationUITests.framework in Frameworks */,
			);
			runOnlyForDeploymentPostprocessing = 0;
		};
/* End PBXFrameworksBuildPhase section */

/* Begin PBXGroup section */
		11DCC5F14A0133727F38573B /* Frameworks */ = {
			isa = PBXGroup;
			children = (
				82F11645629AD026FCF49AE9 /* Pods_FlowerClassification.framework */,
				26643A2035F28AA6FF431841 /* Pods_FlowerClassification_FlowerClassificationUITests.framework */,
				3D27F707F9AD72590E87E291 /* Pods_FlowerClassificationTests.framework */,
			);
			name = Frameworks;
			sourceTree = "<group>";
		};
		6178436325D51DB500D2A7B9 = {
			isa = PBXGroup;
			children = (
				6178436E25D51DB500D2A7B9 /* FlowerClassification */,
				6178438825D51DB800D2A7B9 /* FlowerClassificationTests */,
				6178439325D51DB800D2A7B9 /* FlowerClassificationUITests */,
				6178436D25D51DB500D2A7B9 /* Products */,
				D8CF106D0B26139D29349F89 /* Pods */,
				11DCC5F14A0133727F38573B /* Frameworks */,
			);
			sourceTree = "<group>";
		};
		6178436D25D51DB500D2A7B9 /* Products */ = {
			isa = PBXGroup;
			children = (
				6178436C25D51DB500D2A7B9 /* FlowerClassification.app */,
				6178438525D51DB800D2A7B9 /* FlowerClassificationTests.xctest */,
				6178439025D51DB800D2A7B9 /* FlowerClassificationUITests.xctest */,
			);
			name = Products;
			sourceTree = "<group>";
		};
		6178436E25D51DB500D2A7B9 /* FlowerClassification */ = {
			isa = PBXGroup;
			children = (
				6178436F25D51DB500D2A7B9 /* AppDelegate.swift */,
				6178437125D51DB500D2A7B9 /* SceneDelegate.swift */,
				6178437325D51DB500D2A7B9 /* ViewController.swift */,
				6178437525D51DB500D2A7B9 /* Main.storyboard */,
				6178437B25D51DB800D2A7B9 /* Assets.xcassets */,
				617843A525D51DD300D2A7B9 /* FlowerClassifier.mlmodel */,
				6178437D25D51DB800D2A7B9 /* LaunchScreen.storyboard */,
				6178438025D51DB800D2A7B9 /* Info.plist */,
				6178437825D51DB500D2A7B9 /* FlowerClassification.xcdatamodeld */,
			);
			path = FlowerClassification;
			sourceTree = "<group>";
		};
		6178438825D51DB800D2A7B9 /* FlowerClassificationTests */ = {
			isa = PBXGroup;
			children = (
				6178438925D51DB800D2A7B9 /* FlowerClassificationTests.swift */,
				6178438B25D51DB800D2A7B9 /* Info.plist */,
			);
			path = FlowerClassificationTests;
			sourceTree = "<group>";
		};
		6178439325D51DB800D2A7B9 /* FlowerClassificationUITests */ = {
			isa = PBXGroup;
			children = (
				6178439425D51DB800D2A7B9 /* FlowerClassificationUITests.swift */,
				6178439625D51DB800D2A7B9 /* Info.plist */,
			);
			path = FlowerClassificationUITests;
			sourceTree = "<group>";
		};
		D8CF106D0B26139D29349F89 /* Pods */ = {
			isa = PBXGroup;
			children = (
				F60041E75CBDBEB32CF17239 /* Pods-FlowerClassification.debug.xcconfig */,
				16E07D378B3C9D8DFBB66DAB /* Pods-FlowerClassification.release.xcconfig */,
				48F7D86FED331FB1C78B7D22 /* Pods-FlowerClassification-FlowerClassificationUITests.debug.xcconfig */,
				66EC7F9D3AA3CE3542997345 /* Pods-FlowerClassification-FlowerClassificationUITests.release.xcconfig */,
				299022EAE75535162B75A104 /* Pods-FlowerClassificationTests.debug.xcconfig */,
				C4C5CBEA8CE5D184DE0D9EC7 /* Pods-FlowerClassificationTests.release.xcconfig */,
			);
			path = Pods;
			sourceTree = "<group>";
		};
/* End PBXGroup section */

/* Begin PBXNativeTarget section */
		6178436B25D51DB500D2A7B9 /* FlowerClassification */ = {
			isa = PBXNativeTarget;
			buildConfigurationList = 6178439925D51DB800D2A7B9 /* Build configuration list for PBXNativeTarget "FlowerClassification" */;
			buildPhases = (
				C45AE17E77FA165076626D5A /* [CP] Check Pods Manifest.lock */,
				6178436825D51DB500D2A7B9 /* Sources */,
				6178436925D51DB500D2A7B9 /* Frameworks */,
				6178436A25D51DB500D2A7B9 /* Resources */,
				01448BE12F4D3630B80F78AA /* [CP] Embed Pods Frameworks */,
			);
			buildRules = (
			);
			dependencies = (
			);
			name = FlowerClassification;
			productName = FlowerClassification;
			productReference = 6178436C25D51DB500D2A7B9 /* FlowerClassification.app */;
			productType = "com.apple.product-type.application";
		};
		6178438425D51DB800D2A7B9 /* FlowerClassificationTests */ = {
			isa = PBXNativeTarget;
			buildConfigurationList = 6178439C25D51DB800D2A7B9 /* Build configuration list for PBXNativeTarget "FlowerClassificationTests" */;
			buildPhases = (
				A2C911DCA9F5CF01310A003B /* [CP] Check Pods Manifest.lock */,
				6178438125D51DB800D2A7B9 /* Sources */,
				6178438225D51DB800D2A7B9 /* Frameworks */,
				6178438325D51DB800D2A7B9 /* Resources */,
			);
			buildRules = (
			);
			dependencies = (
				6178438725D51DB800D2A7B9 /* PBXTargetDependency */,
			);
			name = FlowerClassificationTests;
			productName = FlowerClassificationTests;
			productReference = 6178438525D51DB800D2A7B9 /* FlowerClassificationTests.xctest */;
			productType = "com.apple.product-type.bundle.unit-test";
		};
		6178438F25D51DB800D2A7B9 /* FlowerClassificationUITests */ = {
			isa = PBXNativeTarget;
			buildConfigurationList = 6178439F25D51DB800D2A7B9 /* Build configuration list for PBXNativeTarget "FlowerClassificationUITests" */;
			buildPhases = (
				049A942F985E335AA50DDAB1 /* [CP] Check Pods Manifest.lock */,
				6178438C25D51DB800D2A7B9 /* Sources */,
				6178438D25D51DB800D2A7B9 /* Frameworks */,
				6178438E25D51DB800D2A7B9 /* Resources */,
				CFA6ACDFAEE2C34D30A55ACE /* [CP] Embed Pods Frameworks */,
			);
			buildRules = (
			);
			dependencies = (
				6178439225D51DB800D2A7B9 /* PBXTargetDependency */,
			);
			name = FlowerClassificationUITests;
			productName = FlowerClassificationUITests;
			productReference = 6178439025D51DB800D2A7B9 /* FlowerClassificationUITests.xctest */;
			productType = "com.apple.product-type.bundle.ui-testing";
		};
/* End PBXNativeTarget section */

/* Begin PBXProject section */
		6178436425D51DB500D2A7B9 /* Project object */ = {
			isa = PBXProject;
			attributes = {
				LastSwiftUpdateCheck = 1240;
				LastUpgradeCheck = 1240;
				TargetAttributes = {
					6178436B25D51DB500D2A7B9 = {
						CreatedOnToolsVersion = 12.4;
					};
					6178438425D51DB800D2A7B9 = {
						CreatedOnToolsVersion = 12.4;
						TestTargetID = 6178436B25D51DB500D2A7B9;
					};
					6178438F25D51DB800D2A7B9 = {
						CreatedOnToolsVersion = 12.4;
						TestTargetID = 6178436B25D51DB500D2A7B9;
					};
				};
			};
			buildConfigurationList = 6178436725D51DB500D2A7B9 /* Build configuration list for PBXProject "FlowerClassification" */;
			compatibilityVersion = "Xcode 9.3";
			developmentRegion = en;
			hasScannedForEncodings = 0;
			knownRegions = (
				en,
				Base,
			);
			mainGroup = 6178436325D51DB500D2A7B9;
			productRefGroup = 6178436D25D51DB500D2A7B9 /* Products */;
			projectDirPath = "";
			projectRoot = "";
			targets = (
				6178436B25D51DB500D2A7B9 /* FlowerClassification */,
				6178438425D51DB800D2A7B9 /* FlowerClassificationTests */,
				6178438F25D51DB800D2A7B9 /* FlowerClassificationUITests */,
			);
		};
/* End PBXProject section */

/* Begin PBXResourcesBuildPhase section */
		6178436A25D51DB500D2A7B9 /* Resources */ = {
			isa = PBXResourcesBuildPhase;
			buildActionMask = 2147483647;
			files = (
				6178437F25D51DB800D2A7B9 /* LaunchScreen.storyboard in Resources */,
				6178437C25D51DB800D2A7B9 /* Assets.xcassets in Resources */,
				6178437725D51DB500D2A7B9 /* Main.storyboard in Resources */,
			);
			runOnlyForDeploymentPostprocessing = 0;
		};
		6178438325D51DB800D2A7B9 /* Resources */ = {
			isa = PBXResourcesBuildPhase;
			buildActionMask = 2147483647;
			files = (
			);
			runOnlyForDeploymentPostprocessing = 0;
		};
		6178438E25D51DB800D2A7B9 /* Resources */ = {
			isa = PBXResourcesBuildPhase;
			buildActionMask = 2147483647;
			files = (
			);
			runOnlyForDeploymentPostprocessing = 0;
		};
/* End PBXResourcesBuildPhase section */

/* Begin PBXShellScriptBuildPhase section */
		01448BE12F4D3630B80F78AA /* [CP] Embed Pods Frameworks */ = {
			isa = PBXShellScriptBuildPhase;
			buildActionMask = 2147483647;
			files = (
			);
			inputFileListPaths = (
				"${PODS_ROOT}/Target Support Files/Pods-FlowerClassification/Pods-FlowerClassification-frameworks-${CONFIGURATION}-input-files.xcfilelist",
			);
			name = "[CP] Embed Pods Frameworks";
			outputFileListPaths = (
				"${PODS_ROOT}/Target Support Files/Pods-FlowerClassification/Pods-FlowerClassification-frameworks-${CONFIGURATION}-output-files.xcfilelist",
			);
			runOnlyForDeploymentPostprocessing = 0;
			shellPath = /bin/sh;
			shellScript = "\"${PODS_ROOT}/Target Support Files/Pods-FlowerClassification/Pods-FlowerClassification-frameworks.sh\"\n";
			showEnvVarsInLog = 0;
		};
		049A942F985E335AA50DDAB1 /* [CP] Check Pods Manifest.lock */ = {
			isa = PBXShellScriptBuildPhase;
			buildActionMask = 2147483647;
			files = (
			);
			inputFileListPaths = (
			);
			inputPaths = (
				"${PODS_PODFILE_DIR_PATH}/Podfile.lock",
				"${PODS_ROOT}/Manifest.lock",
			);
			name = "[CP] Check Pods Manifest.lock";
			outputFileListPaths = (
			);
			outputPaths = (
				"$(DERIVED_FILE_DIR)/Pods-FlowerClassification-FlowerClassificationUITests-checkManifestLockResult.txt",
			);
			runOnlyForDeploymentPostprocessing = 0;
			shellPath = /bin/sh;
			shellScript = "diff \"${PODS_PODFILE_DIR_PATH}/Podfile.lock\" \"${PODS_ROOT}/Manifest.lock\" > /dev/null\nif [ $? != 0 ] ; then\n    # print error to STDERR\n    echo \"error: The sandbox is not in sync with the Podfile.lock. Run 'pod install' or update your CocoaPods installation.\" >&2\n    exit 1\nfi\n# This output is used by Xcode 'outputs' to avoid re-running this script phase.\necho \"SUCCESS\" > \"${SCRIPT_OUTPUT_FILE_0}\"\n";
			showEnvVarsInLog = 0;
		};
		A2C911DCA9F5CF01310A003B /* [CP] Check Pods Manifest.lock */ = {
			isa = PBXShellScriptBuildPhase;
			buildActionMask = 2147483647;
			files = (
			);
			inputFileListPaths = (
			);
			inputPaths = (
				"${PODS_PODFILE_DIR_PATH}/Podfile.lock",
				"${PODS_ROOT}/Manifest.lock",
			);
			name = "[CP] Check Pods Manifest.lock";
			outputFileListPaths = (
			);
			outputPaths = (
				"$(DERIVED_FILE_DIR)/Pods-FlowerClassificationTests-checkManifestLockResult.txt",
			);
			runOnlyForDeploymentPostprocessing = 0;
			shellPath = /bin/sh;
			shellScript = "diff \"${PODS_PODFILE_DIR_PATH}/Podfile.lock\" \"${PODS_ROOT}/Manifest.lock\" > /dev/null\nif [ $? != 0 ] ; then\n    # print error to STDERR\n    echo \"error: The sandbox is not in sync with the Podfile.lock. Run 'pod install' or update your CocoaPods installation.\" >&2\n    exit 1\nfi\n# This output is used by Xcode 'outputs' to avoid re-running this script phase.\necho \"SUCCESS\" > \"${SCRIPT_OUTPUT_FILE_0}\"\n";
			showEnvVarsInLog = 0;
		};
		C45AE17E77FA165076626D5A /* [CP] Check Pods Manifest.lock */ = {
			isa = PBXShellScriptBuildPhase;
			buildActionMask = 2147483647;
			files = (
			);
			inputFileListPaths = (
			);
			inputPaths = (
				"${PODS_PODFILE_DIR_PATH}/Podfile.lock",
				"${PODS_ROOT}/Manifest.lock",
			);
			name = "[CP] Check Pods Manifest.lock";
			outputFileListPaths = (
			);
			outputPaths = (
				"$(DERIVED_FILE_DIR)/Pods-FlowerClassification-checkManifestLockResult.txt",
			);
			runOnlyForDeploymentPostprocessing = 0;
			shellPath = /bin/sh;
			shellScript = "diff \"${PODS_PODFILE_DIR_PATH}/Podfile.lock\" \"${PODS_ROOT}/Manifest.lock\" > /dev/null\nif [ $? != 0 ] ; then\n    # print error to STDERR\n    echo \"error: The sandbox is not in sync with the Podfile.lock. Run 'pod install' or update your CocoaPods installation.\" >&2\n    exit 1\nfi\n# This output is used by Xcode 'outputs' to avoid re-running this script phase.\necho \"SUCCESS\" > \"${SCRIPT_OUTPUT_FILE_0}\"\n";
			showEnvVarsInLog = 0;
		};
		CFA6ACDFAEE2C34D30A55ACE /* [CP] Embed Pods Frameworks */ = {
			isa = PBXShellScriptBuildPhase;
			buildActionMask = 2147483647;
			files = (
			);
			inputFileListPaths = (
				"${PODS_ROOT}/Target Support Files/Pods-FlowerClassification-FlowerClassificationUITests/Pods-FlowerClassification-FlowerClassificationUITests-frameworks-${CONFIGURATION}-input-files.xcfilelist",
			);
			name = "[CP] Embed Pods Frameworks";
			outputFileListPaths = (
				"${PODS_ROOT}/Target Support Files/Pods-FlowerClassification-FlowerClassificationUITests/Pods-FlowerClassification-FlowerClassificationUITests-frameworks-${CONFIGURATION}-output-files.xcfilelist",
			);
			runOnlyForDeploymentPostprocessing = 0;
			shellPath = /bin/sh;
			shellScript = "\"${PODS_ROOT}/Target Support Files/Pods-FlowerClassification-FlowerClassificationUITests/Pods-FlowerClassification-FlowerClassificationUITests-frameworks.sh\"\n";
			showEnvVarsInLog = 0;
		};
/* End PBXShellScriptBuildPhase section */

/* Begin PBXSourcesBuildPhase section */
		6178436825D51DB500D2A7B9 /* Sources */ = {
			isa = PBXSourcesBuildPhase;
			buildActionMask = 2147483647;
			files = (
				6178437A25D51DB500D2A7B9 /* FlowerClassification.xcdatamodeld in Sources */,
				6178437425D51DB500D2A7B9 /* ViewController.swift in Sources */,
				6178437025D51DB500D2A7B9 /* AppDelegate.swift in Sources */,
				617843A625D51DD300D2A7B9 /* FlowerClassifier.mlmodel in Sources */,
				6178437225D51DB500D2A7B9 /* SceneDelegate.swift in Sources */,
			);
			runOnlyForDeploymentPostprocessing = 0;
		};
		6178438125D51DB800D2A7B9 /* Sources */ = {
			isa = PBXSourcesBuildPhase;
			buildActionMask = 2147483647;
			files = (
				6178438A25D51DB800D2A7B9 /* FlowerClassificationTests.swift in Sources */,
			);
			runOnlyForDeploymentPostprocessing = 0;
		};
		6178438C25D51DB800D2A7B9 /* Sources */ = {
			isa = PBXSourcesBuildPhase;
			buildActionMask = 2147483647;
			files = (
				6178439525D51DB800D2A7B9 /* FlowerClassificationUITests.swift in Sources */,
			);
			runOnlyForDeploymentPostprocessing = 0;
		};
/* End PBXSourcesBuildPhase section */

/* Begin PBXTargetDependency section */
		6178438725D51DB800D2A7B9 /* PBXTargetDependency */ = {
			isa = PBXTargetDependency;
			target = 6178436B25D51DB500D2A7B9 /* FlowerClassification */;
			targetProxy = 6178438625D51DB800D2A7B9 /* PBXContainerItemProxy */;
		};
		6178439225D51DB800D2A7B9 /* PBXTargetDependency */ = {
			isa = PBXTargetDependency;
			target = 6178436B25D51DB500D2A7B9 /* FlowerClassification */;
			targetProxy = 6178439125D51DB800D2A7B9 /* PBXContainerItemProxy */;
		};
/* End PBXTargetDependency section */

/* Begin PBXVariantGroup section */
		6178437525D51DB500D2A7B9 /* Main.storyboard */ = {
			isa = PBXVariantGroup;
			children = (
				6178437625D51DB500D2A7B9 /* Base */,
			);
			name = Main.storyboard;
			sourceTree = "<group>";
		};
		6178437D25D51DB800D2A7B9 /* LaunchScreen.storyboard */ = {
			isa = PBXVariantGroup;
			children = (
				6178437E25D51DB800D2A7B9 /* Base */,
			);
			name = LaunchScreen.storyboard;
			sourceTree = "<group>";
		};
/* End PBXVariantGroup section */

/* Begin XCBuildConfiguration section */
		6178439725D51DB800D2A7B9 /* Debug */ = {
			isa = XCBuildConfiguration;
			buildSettings = {
				ALWAYS_SEARCH_USER_PATHS = NO;
				CLANG_ANALYZER_NONNULL = YES;
				CLANG_ANALYZER_NUMBER_OBJECT_CONVERSION = YES_AGGRESSIVE;
				CLANG_CXX_LANGUAGE_STANDARD = "gnu++14";
				CLANG_CXX_LIBRARY = "libc++";
				CLANG_ENABLE_MODULES = YES;
				CLANG_ENABLE_OBJC_ARC = YES;
				CLANG_ENABLE_OBJC_WEAK = YES;
				CLANG_WARN_BLOCK_CAPTURE_AUTORELEASING = YES;
				CLANG_WARN_BOOL_CONVERSION = YES;
				CLANG_WARN_COMMA = YES;
				CLANG_WARN_CONSTANT_CONVERSION = YES;
				CLANG_WARN_DEPRECATED_OBJC_IMPLEMENTATIONS = YES;
				CLANG_WARN_DIRECT_OBJC_ISA_USAGE = YES_ERROR;
				CLANG_WARN_DOCUMENTATION_COMMENTS = YES;
				CLANG_WARN_EMPTY_BODY = YES;
				CLANG_WARN_ENUM_CONVERSION = YES;
				CLANG_WARN_INFINITE_RECURSION = YES;
				CLANG_WARN_INT_CONVERSION = YES;
				CLANG_WARN_NON_LITERAL_NULL_CONVERSION = YES;
				CLANG_WARN_OBJC_IMPLICIT_RETAIN_SELF = YES;
				CLANG_WARN_OBJC_LITERAL_CONVERSION = YES;
				CLANG_WARN_OBJC_ROOT_CLASS = YES_ERROR;
				CLANG_WARN_QUOTED_INCLUDE_IN_FRAMEWORK_HEADER = YES;
				CLANG_WARN_RANGE_LOOP_ANALYSIS = YES;
				CLANG_WARN_STRICT_PROTOTYPES = YES;
				CLANG_WARN_SUSPICIOUS_MOVE = YES;
				CLANG_WARN_UNGUARDED_AVAILABILITY = YES_AGGRESSIVE;
				CLANG_WARN_UNREACHABLE_CODE = YES;
				CLANG_WARN__DUPLICATE_METHOD_MATCH = YES;
				COPY_PHASE_STRIP = NO;
				DEBUG_INFORMATION_FORMAT = dwarf;
				ENABLE_STRICT_OBJC_MSGSEND = YES;
				ENABLE_TESTABILITY = YES;
				GCC_C_LANGUAGE_STANDARD = gnu11;
				GCC_DYNAMIC_NO_PIC = NO;
				GCC_NO_COMMON_BLOCKS = YES;
				GCC_OPTIMIZATION_LEVEL = 0;
				GCC_PREPROCESSOR_DEFINITIONS = (
					"DEBUG=1",
					"$(inherited)",
				);
				GCC_WARN_64_TO_32_BIT_CONVERSION = YES;
				GCC_WARN_ABOUT_RETURN_TYPE = YES_ERROR;
				GCC_WARN_UNDECLARED_SELECTOR = YES;
				GCC_WARN_UNINITIALIZED_AUTOS = YES_AGGRESSIVE;
				GCC_WARN_UNUSED_FUNCTION = YES;
				GCC_WARN_UNUSED_VARIABLE = YES;
				IPHONEOS_DEPLOYMENT_TARGET = 14.4;
				MTL_ENABLE_DEBUG_INFO = INCLUDE_SOURCE;
				MTL_FAST_MATH = YES;
				ONLY_ACTIVE_ARCH = YES;
				SDKROOT = iphoneos;
				SWIFT_ACTIVE_COMPILATION_CONDITIONS = DEBUG;
				SWIFT_OPTIMIZATION_LEVEL = "-Onone";
			};
			name = Debug;
		};
		6178439825D51DB800D2A7B9 /* Release */ = {
			isa = XCBuildConfiguration;
			buildSettings = {
				ALWAYS_SEARCH_USER_PATHS = NO;
				CLANG_ANALYZER_NONNULL = YES;
				CLANG_ANALYZER_NUMBER_OBJECT_CONVERSION = YES_AGGRESSIVE;
				CLANG_CXX_LANGUAGE_STANDARD = "gnu++14";
				CLANG_CXX_LIBRARY = "libc++";
				CLANG_ENABLE_MODULES = YES;
				CLANG_ENABLE_OBJC_ARC = YES;
				CLANG_ENABLE_OBJC_WEAK = YES;
				CLANG_WARN_BLOCK_CAPTURE_AUTORELEASING = YES;
				CLANG_WARN_BOOL_CONVERSION = YES;
				CLANG_WARN_COMMA = YES;
				CLANG_WARN_CONSTANT_CONVERSION = YES;
				CLANG_WARN_DEPRECATED_OBJC_IMPLEMENTATIONS = YES;
				CLANG_WARN_DIRECT_OBJC_ISA_USAGE = YES_ERROR;
				CLANG_WARN_DOCUMENTATION_COMMENTS = YES;
				CLANG_WARN_EMPTY_BODY = YES;
				CLANG_WARN_ENUM_CONVERSION = YES;
				CLANG_WARN_INFINITE_RECURSION = YES;
				CLANG_WARN_INT_CONVERSION = YES;
				CLANG_WARN_NON_LITERAL_NULL_CONVERSION = YES;
				CLANG_WARN_OBJC_IMPLICIT_RETAIN_SELF = YES;
				CLANG_WARN_OBJC_LITERAL_CONVERSION = YES;
				CLANG_WARN_OBJC_ROOT_CLASS = YES_ERROR;
				CLANG_WARN_QUOTED_INCLUDE_IN_FRAMEWORK_HEADER = YES;
				CLANG_WARN_RANGE_LOOP_ANALYSIS = YES;
				CLANG_WARN_STRICT_PROTOTYPES = YES;
				CLANG_WARN_SUSPICIOUS_MOVE = YES;
				CLANG_WARN_UNGUARDED_AVAILABILITY = YES_AGGRESSIVE;
				CLANG_WARN_UNREACHABLE_CODE = YES;
				CLANG_WARN__DUPLICATE_METHOD_MATCH = YES;
				COPY_PHASE_STRIP = NO;
				DEBUG_INFORMATION_FORMAT = "dwarf-with-dsym";
				ENABLE_NS_ASSERTIONS = NO;
				ENABLE_STRICT_OBJC_MSGSEND = YES;
				GCC_C_LANGUAGE_STANDARD = gnu11;
				GCC_NO_COMMON_BLOCKS = YES;
				GCC_WARN_64_TO_32_BIT_CONVERSION = YES;
				GCC_WARN_ABOUT_RETURN_TYPE = YES_ERROR;
				GCC_WARN_UNDECLARED_SELECTOR = YES;
				GCC_WARN_UNINITIALIZED_AUTOS = YES_AGGRESSIVE;
				GCC_WARN_UNUSED_FUNCTION = YES;
				GCC_WARN_UNUSED_VARIABLE = YES;
				IPHONEOS_DEPLOYMENT_TARGET = 14.4;
				MTL_ENABLE_DEBUG_INFO = NO;
				MTL_FAST_MATH = YES;
				SDKROOT = iphoneos;
				SWIFT_COMPILATION_MODE = wholemodule;
				SWIFT_OPTIMIZATION_LEVEL = "-O";
				VALIDATE_PRODUCT = YES;
			};
			name = Release;
		};
		6178439A25D51DB800D2A7B9 /* Debug */ = {
			isa = XCBuildConfiguration;
			baseConfigurationReference = F60041E75CBDBEB32CF17239 /* Pods-FlowerClassification.debug.xcconfig */;
			buildSettings = {
				ASSETCATALOG_COMPILER_APPICON_NAME = AppIcon;
				ASSETCATALOG_COMPILER_GLOBAL_ACCENT_COLOR_NAME = AccentColor;
				CODE_SIGN_STYLE = Automatic;
				DEVELOPMENT_TEAM = CLJP89YY85;
				INFOPLIST_FILE = FlowerClassification/Info.plist;
				IPHONEOS_DEPLOYMENT_TARGET = 14.1;
				LD_RUNPATH_SEARCH_PATHS = (
					"$(inherited)",
					"@executable_path/Frameworks",
				);
				PRODUCT_BUNDLE_IDENTIFIER = com.naga.FlowerClassification;
				PRODUCT_NAME = "$(TARGET_NAME)";
				SWIFT_VERSION = 5.0;
				TARGETED_DEVICE_FAMILY = "1,2";
			};
			name = Debug;
		};
		6178439B25D51DB800D2A7B9 /* Release */ = {
			isa = XCBuildConfiguration;
			baseConfigurationReference = 16E07D378B3C9D8DFBB66DAB /* Pods-FlowerClassification.release.xcconfig */;
			buildSettings = {
				ASSETCATALOG_COMPILER_APPICON_NAME = AppIcon;
				ASSETCATALOG_COMPILER_GLOBAL_ACCENT_COLOR_NAME = AccentColor;
				CODE_SIGN_STYLE = Automatic;
				DEVELOPMENT_TEAM = CLJP89YY85;
				INFOPLIST_FILE = FlowerClassification/Info.plist;
				IPHONEOS_DEPLOYMENT_TARGET = 14.1;
				LD_RUNPATH_SEARCH_PATHS = (
					"$(inherited)",
					"@executable_path/Frameworks",
				);
				PRODUCT_BUNDLE_IDENTIFIER = com.naga.FlowerClassification;
				PRODUCT_NAME = "$(TARGET_NAME)";
				SWIFT_VERSION = 5.0;
				TARGETED_DEVICE_FAMILY = "1,2";
			};
			name = Release;
		};
		6178439D25D51DB800D2A7B9 /* Debug */ = {
			isa = XCBuildConfiguration;
			baseConfigurationReference = 299022EAE75535162B75A104 /* Pods-FlowerClassificationTests.debug.xcconfig */;
			buildSettings = {
				ALWAYS_EMBED_SWIFT_STANDARD_LIBRARIES = YES;
				BUNDLE_LOADER = "$(TEST_HOST)";
				CODE_SIGN_STYLE = Automatic;
				DEVELOPMENT_TEAM = CLJP89YY85;
				INFOPLIST_FILE = FlowerClassificationTests/Info.plist;
				IPHONEOS_DEPLOYMENT_TARGET = 14.4;
				LD_RUNPATH_SEARCH_PATHS = (
					"$(inherited)",
					"@executable_path/Frameworks",
					"@loader_path/Frameworks",
				);
				PRODUCT_BUNDLE_IDENTIFIER = com.naga.FlowerClassificationTests;
				PRODUCT_NAME = "$(TARGET_NAME)";
				SWIFT_VERSION = 5.0;
				TARGETED_DEVICE_FAMILY = "1,2";
				TEST_HOST = "$(BUILT_PRODUCTS_DIR)/FlowerClassification.app/FlowerClassification";
			};
			name = Debug;
		};
		6178439E25D51DB800D2A7B9 /* Release */ = {
			isa = XCBuildConfiguration;
			baseConfigurationReference = C4C5CBEA8CE5D184DE0D9EC7 /* Pods-FlowerClassificationTests.release.xcconfig */;
			buildSettings = {
				ALWAYS_EMBED_SWIFT_STANDARD_LIBRARIES = YES;
				BUNDLE_LOADER = "$(TEST_HOST)";
				CODE_SIGN_STYLE = Automatic;
				DEVELOPMENT_TEAM = CLJP89YY85;
				INFOPLIST_FILE = FlowerClassificationTests/Info.plist;
				IPHONEOS_DEPLOYMENT_TARGET = 14.4;
				LD_RUNPATH_SEARCH_PATHS = (
					"$(inherited)",
					"@executable_path/Frameworks",
					"@loader_path/Frameworks",
				);
				PRODUCT_BUNDLE_IDENTIFIER = com.naga.FlowerClassificationTests;
				PRODUCT_NAME = "$(TARGET_NAME)";
				SWIFT_VERSION = 5.0;
				TARGETED_DEVICE_FAMILY = "1,2";
				TEST_HOST = "$(BUILT_PRODUCTS_DIR)/FlowerClassification.app/FlowerClassification";
			};
			name = Release;
		};
		617843A025D51DB800D2A7B9 /* Debug */ = {
			isa = XCBuildConfiguration;
			baseConfigurationReference = 48F7D86FED331FB1C78B7D22 /* Pods-FlowerClassification-FlowerClassificationUITests.debug.xcconfig */;
			buildSettings = {
				ALWAYS_EMBED_SWIFT_STANDARD_LIBRARIES = YES;
				CODE_SIGN_STYLE = Automatic;
				DEVELOPMENT_TEAM = CLJP89YY85;
				INFOPLIST_FILE = FlowerClassificationUITests/Info.plist;
				LD_RUNPATH_SEARCH_PATHS = (
					"$(inherited)",
					"@executable_path/Frameworks",
					"@loader_path/Frameworks",
				);
				PRODUCT_BUNDLE_IDENTIFIER = com.naga.FlowerClassificationUITests;
				PRODUCT_NAME = "$(TARGET_NAME)";
				SWIFT_VERSION = 5.0;
				TARGETED_DEVICE_FAMILY = "1,2";
				TEST_TARGET_NAME = FlowerClassification;
			};
			name = Debug;
		};
		617843A125D51DB800D2A7B9 /* Release */ = {
			isa = XCBuildConfiguration;
			baseConfigurationReference = 66EC7F9D3AA3CE3542997345 /* Pods-FlowerClassification-FlowerClassificationUITests.release.xcconfig */;
			buildSettings = {
				ALWAYS_EMBED_SWIFT_STANDARD_LIBRARIES = YES;
				CODE_SIGN_STYLE = Automatic;
				DEVELOPMENT_TEAM = CLJP89YY85;
				INFOPLIST_FILE = FlowerClassificationUITests/Info.plist;
				LD_RUNPATH_SEARCH_PATHS = (
					"$(inherited)",
					"@executable_path/Frameworks",
					"@loader_path/Frameworks",
				);
				PRODUCT_BUNDLE_IDENTIFIER = com.naga.FlowerClassificationUITests;
				PRODUCT_NAME = "$(TARGET_NAME)";
				SWIFT_VERSION = 5.0;
				TARGETED_DEVICE_FAMILY = "1,2";
				TEST_TARGET_NAME = FlowerClassification;
			};
			name = Release;
		};
/* End XCBuildConfiguration section */

/* Begin XCConfigurationList section */
		6178436725D51DB500D2A7B9 /* Build configuration list for PBXProject "FlowerClassification" */ = {
			isa = XCConfigurationList;
			buildConfigurations = (
				6178439725D51DB800D2A7B9 /* Debug */,
				6178439825D51DB800D2A7B9 /* Release */,
			);
			defaultConfigurationIsVisible = 0;
			defaultConfigurationName = Release;
		};
		6178439925D51DB800D2A7B9 /* Build configuration list for PBXNativeTarget "FlowerClassification" */ = {
			isa = XCConfigurationList;
			buildConfigurations = (
				6178439A25D51DB800D2A7B9 /* Debug */,
				6178439B25D51DB800D2A7B9 /* Release */,
			);
			defaultConfigurationIsVisible = 0;
			defaultConfigurationName = Release;
		};
		6178439C25D51DB800D2A7B9 /* Build configuration list for PBXNativeTarget "FlowerClassificationTests" */ = {
			isa = XCConfigurationList;
			buildConfigurations = (
				6178439D25D51DB800D2A7B9 /* Debug */,
				6178439E25D51DB800D2A7B9 /* Release */,
			);
			defaultConfigurationIsVisible = 0;
			defaultConfigurationName = Release;
		};
		6178439F25D51DB800D2A7B9 /* Build configuration list for PBXNativeTarget "FlowerClassificationUITests" */ = {
			isa = XCConfigurationList;
			buildConfigurations = (
				617843A025D51DB800D2A7B9 /* Debug */,
				617843A125D51DB800D2A7B9 /* Release */,
			);
			defaultConfigurationIsVisible = 0;
			defaultConfigurationName = Release;
		};
/* End XCConfigurationList section */

/* Begin XCVersionGroup section */
		6178437825D51DB500D2A7B9 /* FlowerClassification.xcdatamodeld */ = {
			isa = XCVersionGroup;
			children = (
				6178437925D51DB500D2A7B9 /* FlowerClassification.xcdatamodel */,
			);
			currentVersion = 6178437925D51DB500D2A7B9 /* FlowerClassification.xcdatamodel */;
			path = FlowerClassification.xcdatamodeld;
			sourceTree = "<group>";
			versionGroupType = wrapper.xcdatamodel;
		};
/* End XCVersionGroup section */
	};
	rootObject = 6178436425D51DB500D2A7B9 /* Project object */;
}
